
Microsoft Visual Studio Solution File, Format Version 12.00
# Visual Studio Version 17
VisualStudioVersion = 17.1.31911.260
MinimumVisualStudioVersion = 10.0.40219.1
Project("{2150E333-8FDC-42A3-9474-1A3956D46DE8}") = "1. Host", "1. Host", "{C71B9D91-9CE3-4D0B-B9F0-0EA2754D889D}"
EndProject
Project("{2150E333-8FDC-42A3-9474-1A3956D46DE8}") = "2. Application Layer", "2. Application Layer", "{A2A97CE7-0B26-4EDF-985E-9B4F1F31AAFD}"
EndProject
Project("{2150E333-8FDC-42A3-9474-1A3956D46DE8}") = "3. Service Layer", "3. Service Layer", "{19ECB717-0103-46C0-BA2E-AD320E702501}"
EndProject
Project("{2150E333-8FDC-42A3-9474-1A3956D46DE8}") = "4. Infrastructure Layer", "4. Infrastructure Layer", "{3A0D9326-3671-4E4A-B99E-F391D546DFAA}"
EndProject
Project("{2150E333-8FDC-42A3-9474-1A3956D46DE8}") = "5. Test Layer", "5. Test Layer", "{797D67B5-3B5E-4392-98CB-15A0E1D4F2BF}"
EndProject
Project("{9A19103F-16F7-4668-BE54-9A1E7A4F7556}") = "PlasticGold.Application", "PlasticGold.Application\PlasticGold.Application.csproj", "{6A9C2E9B-FB1F-4CFD-860C-84D498C35894}"
EndProject
Project("{2150E333-8FDC-42A3-9474-1A3956D46DE8}") = "1. Models", "1. Models", "{86C87801-CA12-4A05-92B8-23833125054A}"
EndProject
Project("{2150E333-8FDC-42A3-9474-1A3956D46DE8}") = "1. Data", "1. Data", "{0E50D0CB-0B2C-4644-8319-0FC35A07F56A}"
EndProject
Project("{9A19103F-16F7-4668-BE54-9A1E7A4F7556}") = "PlasticGold.Infra.Data", "PlasticGold.Infra.Data\PlasticGold.Infra.Data.csproj", "{4C551FE0-954C-433E-B544-F2D4965FD586}"
EndProject
Project("{9A19103F-16F7-4668-BE54-9A1E7A4F7556}") = "PlasticGold.Services.Model", "PlasticGold.Services.Model\PlasticGold.Services.Model.csproj", "{8EFBA5D0-FF73-4072-9B70-EE0E7EA6C1A5}"
EndProject
Project("{2150E333-8FDC-42A3-9474-1A3956D46DE8}") = "2. Common", "2. Common", "{59D29E3E-DB9E-4EF3-A530-12DB75F319A0}"
EndProject
Project("{9A19103F-16F7-4668-BE54-9A1E7A4F7556}") = "PlasticGold.Test", "PlasticGold.Test\PlasticGold.Test.csproj", "{64753F4D-4859-41C2-84DA-B411CA5084B8}"
EndProject
Project("{2150E333-8FDC-42A3-9474-1A3956D46DE8}") = "Messages", "Messages", "{08858A8B-3D56-496C-9FBA-997EF9B5622C}"
EndProject
Project("{9A19103F-16F7-4668-BE54-9A1E7A4F7556}") = "PlasticGold.Services.Common", "PlasticGold.Services.Common\PlasticGold.Services.Common.csproj", "{38F2A515-C22E-4AB5-88AC-01A466B7996C}"
EndProject
Project("{2150E333-8FDC-42A3-9474-1A3956D46DE8}") = "Validations", "Validations", "{B9EB22E0-A9DC-44D3-AABA-F7BCB3C3F208}"
EndProject
Project("{9A19103F-16F7-4668-BE54-9A1E7A4F7556}") = "PlasticGold.App.Validations", "PlasticGold.App.Validations\PlasticGold.App.Validations.csproj", "{F73B10BA-6D61-4D9D-A18A-256E8F5D9883}"
EndProject
Project("{2150E333-8FDC-42A3-9474-1A3956D46DE8}") = "3. Services", "3. Services", "{6402E78A-7838-49A6-B395-302BD46696D4}"
EndProject
Project("{2150E333-8FDC-42A3-9474-1A3956D46DE8}") = "Services", "Services", "{76143C2E-17A6-4FEC-A82A-4321C407B328}"
EndProject
Project("{FAE04EC0-301F-11D3-BF4B-00C04F79EFBC}") = "PlasticGold.Application.Services", "PlasticGold.Application.Services\PlasticGold.Application.Services.csproj", "{1A6F620C-E988-4E77-BDE4-4EEAE3404CE6}"
EndProject
Project("{FAE04EC0-301F-11D3-BF4B-00C04F79EFBC}") = "PlasticGold.Services", "PlasticGold.Services\PlasticGold.Services.csproj", "{3A2EDC37-1595-46CF-B699-30E473E1944C}"
EndProject
Project("{FAE04EC0-301F-11D3-BF4B-00C04F79EFBC}") = "PlasticGold.Application.Messages", "PlasticGold.Application.Messages\PlasticGold.Application.Messages.csproj", "{448FD938-027A-424A-8BBD-58030C9F0CB4}"
EndProject
Global
	GlobalSection(SolutionConfigurationPlatforms) = preSolution
		Debug|Any CPU = Debug|Any CPU
		Release|Any CPU = Release|Any CPU
	EndGlobalSection
	GlobalSection(ProjectConfigurationPlatforms) = postSolution
		{6A9C2E9B-FB1F-4CFD-860C-84D498C35894}.Debug|Any CPU.ActiveCfg = Debug|Any CPU
		{6A9C2E9B-FB1F-4CFD-860C-84D498C35894}.Debug|Any CPU.Build.0 = Debug|Any CPU
		{6A9C2E9B-FB1F-4CFD-860C-84D498C35894}.Release|Any CPU.ActiveCfg = Release|Any CPU
		{6A9C2E9B-FB1F-4CFD-860C-84D498C35894}.Release|Any CPU.Build.0 = Release|Any CPU
		{4C551FE0-954C-433E-B544-F2D4965FD586}.Debug|Any CPU.ActiveCfg = Debug|Any CPU
		{4C551FE0-954C-433E-B544-F2D4965FD586}.Debug|Any CPU.Build.0 = Debug|Any CPU
		{4C551FE0-954C-433E-B544-F2D4965FD586}.Release|Any CPU.ActiveCfg = Release|Any CPU
		{4C551FE0-954C-433E-B544-F2D4965FD586}.Release|Any CPU.Build.0 = Release|Any CPU
		{8EFBA5D0-FF73-4072-9B70-EE0E7EA6C1A5}.Debug|Any CPU.ActiveCfg = Debug|Any CPU
		{8EFBA5D0-FF73-4072-9B70-EE0E7EA6C1A5}.Debug|Any CPU.Build.0 = Debug|Any CPU
		{8EFBA5D0-FF73-4072-9B70-EE0E7EA6C1A5}.Release|Any CPU.ActiveCfg = Release|Any CPU
		{8EFBA5D0-FF73-4072-9B70-EE0E7EA6C1A5}.Release|Any CPU.Build.0 = Release|Any CPU
		{64753F4D-4859-41C2-84DA-B411CA5084B8}.Debug|Any CPU.ActiveCfg = Debug|Any CPU
		{64753F4D-4859-41C2-84DA-B411CA5084B8}.Debug|Any CPU.Build.0 = Debug|Any CPU
		{64753F4D-4859-41C2-84DA-B411CA5084B8}.Release|Any CPU.ActiveCfg = Release|Any CPU
		{64753F4D-4859-41C2-84DA-B411CA5084B8}.Release|Any CPU.Build.0 = Release|Any CPU
		{38F2A515-C22E-4AB5-88AC-01A466B7996C}.Debug|Any CPU.ActiveCfg = Debug|Any CPU
		{38F2A515-C22E-4AB5-88AC-01A466B7996C}.Debug|Any CPU.Build.0 = Debug|Any CPU
		{38F2A515-C22E-4AB5-88AC-01A466B7996C}.Release|Any CPU.ActiveCfg = Release|Any CPU
		{38F2A515-C22E-4AB5-88AC-01A466B7996C}.Release|Any CPU.Build.0 = Release|Any CPU
		{F73B10BA-6D61-4D9D-A18A-256E8F5D9883}.Debug|Any CPU.ActiveCfg = Debug|Any CPU
		{F73B10BA-6D61-4D9D-A18A-256E8F5D9883}.Debug|Any CPU.Build.0 = Debug|Any CPU
		{F73B10BA-6D61-4D9D-A18A-256E8F5D9883}.Release|Any CPU.ActiveCfg = Release|Any CPU
		{F73B10BA-6D61-4D9D-A18A-256E8F5D9883}.Release|Any CPU.Build.0 = Release|Any CPU
		{1A6F620C-E988-4E77-BDE4-4EEAE3404CE6}.Debug|Any CPU.ActiveCfg = Debug|Any CPU
		{1A6F620C-E988-4E77-BDE4-4EEAE3404CE6}.Debug|Any CPU.Build.0 = Debug|Any CPU
		{1A6F620C-E988-4E77-BDE4-4EEAE3404CE6}.Release|Any CPU.ActiveCfg = Release|Any CPU
		{1A6F620C-E988-4E77-BDE4-4EEAE3404CE6}.Release|Any CPU.Build.0 = Release|Any CPU
		{3A2EDC37-1595-46CF-B699-30E473E1944C}.Debug|Any CPU.ActiveCfg = Debug|Any CPU
		{3A2EDC37-1595-46CF-B699-30E473E1944C}.Debug|Any CPU.Build.0 = Debug|Any CPU
		{3A2EDC37-1595-46CF-B699-30E473E1944C}.Release|Any CPU.ActiveCfg = Release|Any CPU
		{3A2EDC37-1595-46CF-B699-30E473E1944C}.Release|Any CPU.Build.0 = Release|Any CPU
		{448FD938-027A-424A-8BBD-58030C9F0CB4}.Debug|Any CPU.ActiveCfg = Debug|Any CPU
		{448FD938-027A-424A-8BBD-58030C9F0CB4}.Debug|Any CPU.Build.0 = Debug|Any CPU
		{448FD938-027A-424A-8BBD-58030C9F0CB4}.Release|Any CPU.ActiveCfg = Release|Any CPU
		{448FD938-027A-424A-8BBD-58030C9F0CB4}.Release|Any CPU.Build.0 = Release|Any CPU
	EndGlobalSection
	GlobalSection(SolutionProperties) = preSolution
		HideSolutionNode = FALSE
	EndGlobalSection
	GlobalSection(NestedProjects) = preSolution
		{6A9C2E9B-FB1F-4CFD-860C-84D498C35894} = {C71B9D91-9CE3-4D0B-B9F0-0EA2754D889D}
		{86C87801-CA12-4A05-92B8-23833125054A} = {19ECB717-0103-46C0-BA2E-AD320E702501}
		{0E50D0CB-0B2C-4644-8319-0FC35A07F56A} = {3A0D9326-3671-4E4A-B99E-F391D546DFAA}
		{4C551FE0-954C-433E-B544-F2D4965FD586} = {0E50D0CB-0B2C-4644-8319-0FC35A07F56A}
		{8EFBA5D0-FF73-4072-9B70-EE0E7EA6C1A5} = {86C87801-CA12-4A05-92B8-23833125054A}
		{59D29E3E-DB9E-4EF3-A530-12DB75F319A0} = {19ECB717-0103-46C0-BA2E-AD320E702501}
		{64753F4D-4859-41C2-84DA-B411CA5084B8} = {797D67B5-3B5E-4392-98CB-15A0E1D4F2BF}
		{08858A8B-3D56-496C-9FBA-997EF9B5622C} = {A2A97CE7-0B26-4EDF-985E-9B4F1F31AAFD}
		{38F2A515-C22E-4AB5-88AC-01A466B7996C} = {59D29E3E-DB9E-4EF3-A530-12DB75F319A0}
		{B9EB22E0-A9DC-44D3-AABA-F7BCB3C3F208} = {A2A97CE7-0B26-4EDF-985E-9B4F1F31AAFD}
		{F73B10BA-6D61-4D9D-A18A-256E8F5D9883} = {B9EB22E0-A9DC-44D3-AABA-F7BCB3C3F208}
		{6402E78A-7838-49A6-B395-302BD46696D4} = {19ECB717-0103-46C0-BA2E-AD320E702501}
		{76143C2E-17A6-4FEC-A82A-4321C407B328} = {A2A97CE7-0B26-4EDF-985E-9B4F1F31AAFD}
		{1A6F620C-E988-4E77-BDE4-4EEAE3404CE6} = {76143C2E-17A6-4FEC-A82A-4321C407B328}
		{3A2EDC37-1595-46CF-B699-30E473E1944C} = {6402E78A-7838-49A6-B395-302BD46696D4}
		{448FD938-027A-424A-8BBD-58030C9F0CB4} = {08858A8B-3D56-496C-9FBA-997EF9B5622C}
	EndGlobalSection
	GlobalSection(ExtensibilityGlobals) = postSolution
		SolutionGuid = {7E20E97A-79FA-4157-B790-29006BFAEA89}
	EndGlobalSection
EndGlobal
